
Microsoft Visual Studio Solution File, Format Version 12.00
# Visual Studio Version 17
VisualStudioVersion = 17.14.36518.9 d17.14
MinimumVisualStudioVersion = 10.0.40219.1
Project("{8BC9CEB8-8B4A-11D0-8D11-00A0C91BC942}") = "Project1", "XMVECTOR\XMVECTOR.vcxproj", "{5FB28A7F-7C00-4BA0-B5AE-B270E8CC25CC}"
EndProject
Global
	GlobalSection(SolutionConfigurationPlatforms) = preSolution
		Debug|x64 = Debug|x64
		Debug|x86 = Debug|x86
		Release|x64 = Release|x64
		Release|x86 = Release|x86
	EndGlobalSection
	GlobalSection(ProjectConfigurationPlatforms) = postSolution
		{5FB28A7F-7C00-4BA0-B5AE-B270E8CC25CC}.Debug|x64.ActiveCfg = Debug|x64
		{5FB28A7F-7C00-4BA0-B5AE-B270E8CC25CC}.Debug|x64.Build.0 = Debug|x64
		{5FB28A7F-7C00-4BA0-B5AE-B270E8CC25CC}.Debug|x86.ActiveCfg = Debug|Win32
		{5FB28A7F-7C00-4BA0-B5AE-B270E8CC25CC}.Debug|x86.Build.0 = Debug|Win32
		{5FB28A7F-7C00-4BA0-B5AE-B270E8CC25CC}.Release|x64.ActiveCfg = Release|x64
		{5FB28A7F-7C00-4BA0-B5AE-B270E8CC25CC}.Release|x64.Build.0 = Release|x64
		{5FB28A7F-7C00-4BA0-B5AE-B270E8CC25CC}.Release|x86.ActiveCfg = Release|Win32
		{5FB28A7F-7C00-4BA0-B5AE-B270E8CC25CC}.Release|x86.Build.0 = Release|Win32
	EndGlobalSection
	GlobalSection(SolutionProperties) = preSolution
		HideSolutionNode = FALSE
	EndGlobalSection
	GlobalSection(ExtensibilityGlobals) = postSolution
		SolutionGuid = {3B2C1A0D-E76A-4CD6-A1D7-E54F97A0DDBA}
	EndGlobalSection
EndGlobal
